
Microsoft Visual Studio Solution File, Format Version 12.00
# Visual Studio Version 17
VisualStudioVersion = 17.8.34525.116
MinimumVisualStudioVersion = 10.0.40219.1
Project("{8BC9CEB8-8B4A-11D0-8D11-00A0C91BC942}") = "1.4", "1.4\1.4.vcxproj", "{8BE13986-B1FA-4B2C-A6B9-27A14DA368FB}"
EndProject
Global
	GlobalSection(SolutionConfigurationPlatforms) = preSolution
		Debug|x64 = Debug|x64
		Debug|x86 = Debug|x86
		Release|x64 = Release|x64
		Release|x86 = Release|x86
	EndGlobalSection
	GlobalSection(ProjectConfigurationPlatforms) = postSolution
		{8BE13986-B1FA-4B2C-A6B9-27A14DA368FB}.Debug|x64.ActiveCfg = Debug|x64
		{8BE13986-B1FA-4B2C-A6B9-27A14DA368FB}.Debug|x64.Build.0 = Debug|x64
		{8BE13986-B1FA-4B2C-A6B9-27A14DA368FB}.Debug|x86.ActiveCfg = Debug|Win32
		{8BE13986-B1FA-4B2C-A6B9-27A14DA368FB}.Debug|x86.Build.0 = Debug|Win32
		{8BE13986-B1FA-4B2C-A6B9-27A14DA368FB}.Release|x64.ActiveCfg = Release|x64
		{8BE13986-B1FA-4B2C-A6B9-27A14DA368FB}.Release|x64.Build.0 = Release|x64
		{8BE13986-B1FA-4B2C-A6B9-27A14DA368FB}.Release|x86.ActiveCfg = Release|Win32
		{8BE13986-B1FA-4B2C-A6B9-27A14DA368FB}.Release|x86.Build.0 = Release|Win32
	EndGlobalSection
	GlobalSection(SolutionProperties) = preSolution
		HideSolutionNode = FALSE
	EndGlobalSection
	GlobalSection(ExtensibilityGlobals) = postSolution
		SolutionGuid = {19C6C4D2-5BB7-4A3B-9A77-38F95D511D26}
	EndGlobalSection
EndGlobal
